
Microsoft Visual Studio Solution File, Format Version 12.00
# Visual Studio Version 16
VisualStudioVersion = 16.0.30517.126
MinimumVisualStudioVersion = 10.0.40219.1
Project("{2150E333-8FDC-42A3-9474-1A3956D46DE8}") = "Microservices", "Microservices", "{1827DBEF-901B-4B20-A537-ED9E566141E3}"
EndProject
Project("{2150E333-8FDC-42A3-9474-1A3956D46DE8}") = "ApiGateway", "ApiGateway", "{9BD0C422-8013-4450-899E-72B1EA4F9AD5}"
EndProject
Project("{2150E333-8FDC-42A3-9474-1A3956D46DE8}") = "EventBus", "EventBus", "{3008CF1A-71E2-4A01-B734-5D163B34D714}"
EndProject
Project("{2150E333-8FDC-42A3-9474-1A3956D46DE8}") = "UserProfile", "UserProfile", "{0EE1362F-8625-4CB4-BD5D-2936967C314E}"
EndProject
Project("{2150E333-8FDC-42A3-9474-1A3956D46DE8}") = "Advert", "Advert", "{58E8545F-A970-436D-BF09-F71CA6579B9F}"
EndProject
Project("{2150E333-8FDC-42A3-9474-1A3956D46DE8}") = "Messaging", "Messaging", "{B8E4818B-A893-433C-98E6-A85851C4EECD}"
EndProject
Project("{2150E333-8FDC-42A3-9474-1A3956D46DE8}") = "Payment", "Payment", "{60C50A45-72A0-4621-AE6C-461C547F91A4}"
EndProject
Project("{9A19103F-16F7-4668-BE54-9A1E7A4F7556}") = "UserProfile.API", "UserProfile.API\UserProfile.API.csproj", "{01F7F9CF-2C53-4E11-9755-E049E6548621}"
EndProject
Project("{2150E333-8FDC-42A3-9474-1A3956D46DE8}") = "VehicleProfile", "VehicleProfile", "{4E09B9EB-BF2D-490F-ABB4-E687094E467D}"
EndProject
Project("{9A19103F-16F7-4668-BE54-9A1E7A4F7556}") = "Vehicle.API", "Vehicle.API\Vehicle.API.csproj", "{28ABAFF5-F9DF-4B89-B138-5DD6D448B487}"
EndProject
Project("{9A19103F-16F7-4668-BE54-9A1E7A4F7556}") = "Vehicle.Data", "Vehicle.Data\Vehicle.Data.csproj", "{B1526BCB-E127-486C-9E39-AC4F07D65665}"
EndProject
Project("{9A19103F-16F7-4668-BE54-9A1E7A4F7556}") = "Vehicle.Logic", "Vehicle.Logic\Vehicle.Logic.csproj", "{FDCFAFD7-C14D-41D7-9753-0CCCBECAE33B}"
EndProject
Project("{9A19103F-16F7-4668-BE54-9A1E7A4F7556}") = "AdvertFix.API", "AdvertFix.API\AdvertFix.API.csproj", "{4B21FA72-0751-485D-8394-043F1339A61D}"
EndProject
Project("{FAE04EC0-301F-11D3-BF4B-00C04F79EFBC}") = "AdvertFix.Data", "AdvertFix.Data\AdvertFix.Data.csproj", "{9FDAD385-610A-48F5-8B52-65B363930946}"
EndProject
Project("{FAE04EC0-301F-11D3-BF4B-00C04F79EFBC}") = "AdvertFix.Logic", "AdvertFix.Logic\AdvertFix.Logic.csproj", "{E92AB923-54D1-4CE8-9648-EAD788510847}"
EndProject
Global
	GlobalSection(SolutionConfigurationPlatforms) = preSolution
		Debug|Any CPU = Debug|Any CPU
		Release|Any CPU = Release|Any CPU
	EndGlobalSection
	GlobalSection(ProjectConfigurationPlatforms) = postSolution
		{01F7F9CF-2C53-4E11-9755-E049E6548621}.Debug|Any CPU.ActiveCfg = Debug|Any CPU
		{01F7F9CF-2C53-4E11-9755-E049E6548621}.Debug|Any CPU.Build.0 = Debug|Any CPU
		{01F7F9CF-2C53-4E11-9755-E049E6548621}.Release|Any CPU.ActiveCfg = Release|Any CPU
		{01F7F9CF-2C53-4E11-9755-E049E6548621}.Release|Any CPU.Build.0 = Release|Any CPU
		{28ABAFF5-F9DF-4B89-B138-5DD6D448B487}.Debug|Any CPU.ActiveCfg = Debug|Any CPU
		{28ABAFF5-F9DF-4B89-B138-5DD6D448B487}.Debug|Any CPU.Build.0 = Debug|Any CPU
		{28ABAFF5-F9DF-4B89-B138-5DD6D448B487}.Release|Any CPU.ActiveCfg = Release|Any CPU
		{28ABAFF5-F9DF-4B89-B138-5DD6D448B487}.Release|Any CPU.Build.0 = Release|Any CPU
		{B1526BCB-E127-486C-9E39-AC4F07D65665}.Debug|Any CPU.ActiveCfg = Debug|Any CPU
		{B1526BCB-E127-486C-9E39-AC4F07D65665}.Debug|Any CPU.Build.0 = Debug|Any CPU
		{B1526BCB-E127-486C-9E39-AC4F07D65665}.Release|Any CPU.ActiveCfg = Release|Any CPU
		{B1526BCB-E127-486C-9E39-AC4F07D65665}.Release|Any CPU.Build.0 = Release|Any CPU
		{FDCFAFD7-C14D-41D7-9753-0CCCBECAE33B}.Debug|Any CPU.ActiveCfg = Debug|Any CPU
		{FDCFAFD7-C14D-41D7-9753-0CCCBECAE33B}.Debug|Any CPU.Build.0 = Debug|Any CPU
		{FDCFAFD7-C14D-41D7-9753-0CCCBECAE33B}.Release|Any CPU.ActiveCfg = Release|Any CPU
		{FDCFAFD7-C14D-41D7-9753-0CCCBECAE33B}.Release|Any CPU.Build.0 = Release|Any CPU
		{4B21FA72-0751-485D-8394-043F1339A61D}.Debug|Any CPU.ActiveCfg = Debug|Any CPU
		{4B21FA72-0751-485D-8394-043F1339A61D}.Debug|Any CPU.Build.0 = Debug|Any CPU
		{4B21FA72-0751-485D-8394-043F1339A61D}.Release|Any CPU.ActiveCfg = Release|Any CPU
		{4B21FA72-0751-485D-8394-043F1339A61D}.Release|Any CPU.Build.0 = Release|Any CPU
		{9FDAD385-610A-48F5-8B52-65B363930946}.Debug|Any CPU.ActiveCfg = Debug|Any CPU
		{9FDAD385-610A-48F5-8B52-65B363930946}.Debug|Any CPU.Build.0 = Debug|Any CPU
		{9FDAD385-610A-48F5-8B52-65B363930946}.Release|Any CPU.ActiveCfg = Release|Any CPU
		{9FDAD385-610A-48F5-8B52-65B363930946}.Release|Any CPU.Build.0 = Release|Any CPU
		{E92AB923-54D1-4CE8-9648-EAD788510847}.Debug|Any CPU.ActiveCfg = Debug|Any CPU
		{E92AB923-54D1-4CE8-9648-EAD788510847}.Debug|Any CPU.Build.0 = Debug|Any CPU
		{E92AB923-54D1-4CE8-9648-EAD788510847}.Release|Any CPU.ActiveCfg = Release|Any CPU
		{E92AB923-54D1-4CE8-9648-EAD788510847}.Release|Any CPU.Build.0 = Release|Any CPU
	EndGlobalSection
	GlobalSection(SolutionProperties) = preSolution
		HideSolutionNode = FALSE
	EndGlobalSection
	GlobalSection(NestedProjects) = preSolution
		{0EE1362F-8625-4CB4-BD5D-2936967C314E} = {1827DBEF-901B-4B20-A537-ED9E566141E3}
		{58E8545F-A970-436D-BF09-F71CA6579B9F} = {1827DBEF-901B-4B20-A537-ED9E566141E3}
		{B8E4818B-A893-433C-98E6-A85851C4EECD} = {1827DBEF-901B-4B20-A537-ED9E566141E3}
		{60C50A45-72A0-4621-AE6C-461C547F91A4} = {1827DBEF-901B-4B20-A537-ED9E566141E3}
		{01F7F9CF-2C53-4E11-9755-E049E6548621} = {0EE1362F-8625-4CB4-BD5D-2936967C314E}
		{4E09B9EB-BF2D-490F-ABB4-E687094E467D} = {1827DBEF-901B-4B20-A537-ED9E566141E3}
		{28ABAFF5-F9DF-4B89-B138-5DD6D448B487} = {4E09B9EB-BF2D-490F-ABB4-E687094E467D}
		{B1526BCB-E127-486C-9E39-AC4F07D65665} = {4E09B9EB-BF2D-490F-ABB4-E687094E467D}
		{FDCFAFD7-C14D-41D7-9753-0CCCBECAE33B} = {4E09B9EB-BF2D-490F-ABB4-E687094E467D}
		{4B21FA72-0751-485D-8394-043F1339A61D} = {58E8545F-A970-436D-BF09-F71CA6579B9F}
		{9FDAD385-610A-48F5-8B52-65B363930946} = {58E8545F-A970-436D-BF09-F71CA6579B9F}
		{E92AB923-54D1-4CE8-9648-EAD788510847} = {58E8545F-A970-436D-BF09-F71CA6579B9F}
	EndGlobalSection
	GlobalSection(ExtensibilityGlobals) = postSolution
		SolutionGuid = {EBEEB060-FA39-450A-8496-BB0347A165A8}
	EndGlobalSection
EndGlobal
